
Microsoft Visual Studio Solution File, Format Version 12.00
# Visual Studio 2013
VisualStudioVersion = 12.0.21005.1
MinimumVisualStudioVersion = 10.0.40219.1
Project("{FAE04EC0-301F-11D3-BF4B-00C04F79EFBC}") = "RabbitMQ", "RabbitMQ\RabbitMQ.csproj", "{FEC5FD58-EA71-48BD-A82C-664219DD4C12}"
EndProject
Project("{FAE04EC0-301F-11D3-BF4B-00C04F79EFBC}") = "RabbitMQServer", "RabbitMQServer\RabbitMQServer.csproj", "{63E6414D-9A70-435D-83E0-FD3B8C149A04}"
EndProject
Project("{FAE04EC0-301F-11D3-BF4B-00C04F79EFBC}") = "Model", "Model\Model.csproj", "{30089D78-16C0-4351-ACEB-4E045771CAF9}"
EndProject
Global
	GlobalSection(SolutionConfigurationPlatforms) = preSolution
		Debug|Any CPU = Debug|Any CPU
		Release|Any CPU = Release|Any CPU
	EndGlobalSection
	GlobalSection(ProjectConfigurationPlatforms) = postSolution
		{FEC5FD58-EA71-48BD-A82C-664219DD4C12}.Debug|Any CPU.ActiveCfg = Debug|Any CPU
		{FEC5FD58-EA71-48BD-A82C-664219DD4C12}.Debug|Any CPU.Build.0 = Debug|Any CPU
		{FEC5FD58-EA71-48BD-A82C-664219DD4C12}.Release|Any CPU.ActiveCfg = Release|Any CPU
		{FEC5FD58-EA71-48BD-A82C-664219DD4C12}.Release|Any CPU.Build.0 = Release|Any CPU
		{63E6414D-9A70-435D-83E0-FD3B8C149A04}.Debug|Any CPU.ActiveCfg = Debug|Any CPU
		{63E6414D-9A70-435D-83E0-FD3B8C149A04}.Debug|Any CPU.Build.0 = Debug|Any CPU
		{63E6414D-9A70-435D-83E0-FD3B8C149A04}.Release|Any CPU.ActiveCfg = Release|Any CPU
		{63E6414D-9A70-435D-83E0-FD3B8C149A04}.Release|Any CPU.Build.0 = Release|Any CPU
		{30089D78-16C0-4351-ACEB-4E045771CAF9}.Debug|Any CPU.ActiveCfg = Debug|Any CPU
		{30089D78-16C0-4351-ACEB-4E045771CAF9}.Debug|Any CPU.Build.0 = Debug|Any CPU
		{30089D78-16C0-4351-ACEB-4E045771CAF9}.Release|Any CPU.ActiveCfg = Release|Any CPU
		{30089D78-16C0-4351-ACEB-4E045771CAF9}.Release|Any CPU.Build.0 = Release|Any CPU
	EndGlobalSection
	GlobalSection(SolutionProperties) = preSolution
		HideSolutionNode = FALSE
	EndGlobalSection
EndGlobal
